
Microsoft Visual Studio Solution File, Format Version 12.00
# Visual Studio Version 16
VisualStudioVersion = 16.0.30413.136
MinimumVisualStudioVersion = 10.0.40219.1
Project("{888888A0-9F3D-457C-B088-3A5042F75D52}") = "poweroftwo", "poweroftwo.pyproj", "{C8D101A5-EEDD-4B4D-868B-A7948D078ECE}"
EndProject
Global
	GlobalSection(SolutionConfigurationPlatforms) = preSolution
		Debug|Any CPU = Debug|Any CPU
		Release|Any CPU = Release|Any CPU
	EndGlobalSection
	GlobalSection(ProjectConfigurationPlatforms) = postSolution
		{C8D101A5-EEDD-4B4D-868B-A7948D078ECE}.Debug|Any CPU.ActiveCfg = Debug|Any CPU
		{C8D101A5-EEDD-4B4D-868B-A7948D078ECE}.Release|Any CPU.ActiveCfg = Release|Any CPU
	EndGlobalSection
	GlobalSection(SolutionProperties) = preSolution
		HideSolutionNode = FALSE
	EndGlobalSection
	GlobalSection(ExtensibilityGlobals) = postSolution
		SolutionGuid = {D48109E7-0FBD-4AFE-8E49-6DBFA9E46B93}
	EndGlobalSection
EndGlobal
