
Microsoft Visual Studio Solution File, Format Version 12.00
# Visual Studio Version 16
VisualStudioVersion = 16.0.30413.136
MinimumVisualStudioVersion = 10.0.40219.1
Project("{888888A0-9F3D-457C-B088-3A5042F75D52}") = "intanddouble", "intanddouble.pyproj", "{D162E906-5CB7-4FBB-A9B4-ACAA110001EF}"
EndProject
Global
	GlobalSection(SolutionConfigurationPlatforms) = preSolution
		Debug|Any CPU = Debug|Any CPU
		Release|Any CPU = Release|Any CPU
	EndGlobalSection
	GlobalSection(ProjectConfigurationPlatforms) = postSolution
		{D162E906-5CB7-4FBB-A9B4-ACAA110001EF}.Debug|Any CPU.ActiveCfg = Debug|Any CPU
		{D162E906-5CB7-4FBB-A9B4-ACAA110001EF}.Release|Any CPU.ActiveCfg = Release|Any CPU
	EndGlobalSection
	GlobalSection(SolutionProperties) = preSolution
		HideSolutionNode = FALSE
	EndGlobalSection
	GlobalSection(ExtensibilityGlobals) = postSolution
		SolutionGuid = {AF8FED52-0898-4828-883A-AD8531A8578A}
	EndGlobalSection
EndGlobal
