
Microsoft Visual Studio Solution File, Format Version 12.00
# Visual Studio Version 16
VisualStudioVersion = 16.0.30413.136
MinimumVisualStudioVersion = 10.0.40219.1
Project("{8BC9CEB8-8B4A-11D0-8D11-00A0C91BC942}") = "factorial", "factorial.vcxproj", "{2FE0EB10-DF29-438C-867D-49ACC1EA0FE8}"
EndProject
Global
	GlobalSection(SolutionConfigurationPlatforms) = preSolution
		Debug|x64 = Debug|x64
		Debug|x86 = Debug|x86
		Release|x64 = Release|x64
		Release|x86 = Release|x86
	EndGlobalSection
	GlobalSection(ProjectConfigurationPlatforms) = postSolution
		{2FE0EB10-DF29-438C-867D-49ACC1EA0FE8}.Debug|x64.ActiveCfg = Debug|x64
		{2FE0EB10-DF29-438C-867D-49ACC1EA0FE8}.Debug|x64.Build.0 = Debug|x64
		{2FE0EB10-DF29-438C-867D-49ACC1EA0FE8}.Debug|x86.ActiveCfg = Debug|Win32
		{2FE0EB10-DF29-438C-867D-49ACC1EA0FE8}.Debug|x86.Build.0 = Debug|Win32
		{2FE0EB10-DF29-438C-867D-49ACC1EA0FE8}.Release|x64.ActiveCfg = Release|x64
		{2FE0EB10-DF29-438C-867D-49ACC1EA0FE8}.Release|x64.Build.0 = Release|x64
		{2FE0EB10-DF29-438C-867D-49ACC1EA0FE8}.Release|x86.ActiveCfg = Release|Win32
		{2FE0EB10-DF29-438C-867D-49ACC1EA0FE8}.Release|x86.Build.0 = Release|Win32
	EndGlobalSection
	GlobalSection(SolutionProperties) = preSolution
		HideSolutionNode = FALSE
	EndGlobalSection
	GlobalSection(ExtensibilityGlobals) = postSolution
		SolutionGuid = {81DEBD07-6DFD-4612-8E0A-605F5BC06724}
	EndGlobalSection
EndGlobal
