
Microsoft Visual Studio Solution File, Format Version 12.00
# Visual Studio Version 16
VisualStudioVersion = 16.0.30413.136
MinimumVisualStudioVersion = 10.0.40219.1
Project("{888888A0-9F3D-457C-B088-3A5042F75D52}") = "hobby", "hobby.pyproj", "{74B3A1C0-A44C-48AC-91E4-9EF330F7D969}"
EndProject
Global
	GlobalSection(SolutionConfigurationPlatforms) = preSolution
		Debug|Any CPU = Debug|Any CPU
		Release|Any CPU = Release|Any CPU
	EndGlobalSection
	GlobalSection(ProjectConfigurationPlatforms) = postSolution
		{74B3A1C0-A44C-48AC-91E4-9EF330F7D969}.Debug|Any CPU.ActiveCfg = Debug|Any CPU
		{74B3A1C0-A44C-48AC-91E4-9EF330F7D969}.Release|Any CPU.ActiveCfg = Release|Any CPU
	EndGlobalSection
	GlobalSection(SolutionProperties) = preSolution
		HideSolutionNode = FALSE
	EndGlobalSection
	GlobalSection(ExtensibilityGlobals) = postSolution
		SolutionGuid = {71E3727A-1155-4508-B309-9D6FDE0CDBCD}
	EndGlobalSection
EndGlobal
